
Microsoft Visual Studio Solution File, Format Version 12.00
# Visual Studio Version 16
VisualStudioVersion = 16.0.32126.315
MinimumVisualStudioVersion = 10.0.40219.1
Project("{FAE04EC0-301F-11D3-BF4B-00C04F79EFBC}") = "CarsDatabase", "CarsDatabase\CarsDatabase.csproj", "{4C29EC2F-6576-433E-9417-B335F01CD52F}"
EndProject
Global
	GlobalSection(SolutionConfigurationPlatforms) = preSolution
		Debug|Any CPU = Debug|Any CPU
		Release|Any CPU = Release|Any CPU
	EndGlobalSection
	GlobalSection(ProjectConfigurationPlatforms) = postSolution
		{4C29EC2F-6576-433E-9417-B335F01CD52F}.Debug|Any CPU.ActiveCfg = Debug|Any CPU
		{4C29EC2F-6576-433E-9417-B335F01CD52F}.Debug|Any CPU.Build.0 = Debug|Any CPU
		{4C29EC2F-6576-433E-9417-B335F01CD52F}.Release|Any CPU.ActiveCfg = Release|Any CPU
		{4C29EC2F-6576-433E-9417-B335F01CD52F}.Release|Any CPU.Build.0 = Release|Any CPU
	EndGlobalSection
	GlobalSection(SolutionProperties) = preSolution
		HideSolutionNode = FALSE
	EndGlobalSection
	GlobalSection(ExtensibilityGlobals) = postSolution
		SolutionGuid = {6B373AD0-0CC5-4218-9F17-B947B9F934B3}
	EndGlobalSection
EndGlobal
